
Microsoft Visual Studio Solution File, Format Version 12.00
# Visual Studio Version 17
VisualStudioVersion = 17.12.35527.113
MinimumVisualStudioVersion = 10.0.40219.1
Project("{FAE04EC0-301F-11D3-BF4B-00C04F79EFBC}") = "DevSkill.Inventory.Web", "DevSkill.Inventory.Web\DevSkill.Inventory.Web.csproj", "{47BF5C1D-A83A-4717-88B3-BBB2D2A1333B}"
EndProject
Project("{FAE04EC0-301F-11D3-BF4B-00C04F79EFBC}") = "DevSkill.Inventory.Domain", "DevSkill.Inventory.Domain\DevSkill.Inventory.Domain.csproj", "{A2E5720F-5E2C-1E4D-2913-7F5D9C7BE684}"
EndProject
Project("{FAE04EC0-301F-11D3-BF4B-00C04F79EFBC}") = "DevSkill.Inventory.Application", "DevSkill.Inventory.Application\DevSkill.Inventory.Application.csproj", "{725F7E7C-CDB5-7338-955C-FB85BF8D2927}"
EndProject
Project("{FAE04EC0-301F-11D3-BF4B-00C04F79EFBC}") = "DevSkill.Inventory.Infrastructure", "DevSkill.Inventory.Infrastructure\DevSkill.Inventory.Infrastructure.csproj", "{DAF8E894-0665-E909-5829-D7153E0E25C2}"
EndProject
Project("{FAE04EC0-301F-11D3-BF4B-00C04F79EFBC}") = "DevSkill.Inventory.Worker", "DevSkill.Inventory.Worker\DevSkill.Inventory.Worker.csproj", "{87E67D3C-775D-4089-B59C-3C30CF5655D8}"
EndProject
Global
	GlobalSection(SolutionConfigurationPlatforms) = preSolution
		Debug|Any CPU = Debug|Any CPU
		Release|Any CPU = Release|Any CPU
	EndGlobalSection
	GlobalSection(ProjectConfigurationPlatforms) = postSolution
		{47BF5C1D-A83A-4717-88B3-BBB2D2A1333B}.Debug|Any CPU.ActiveCfg = Debug|Any CPU
		{47BF5C1D-A83A-4717-88B3-BBB2D2A1333B}.Debug|Any CPU.Build.0 = Debug|Any CPU
		{47BF5C1D-A83A-4717-88B3-BBB2D2A1333B}.Release|Any CPU.ActiveCfg = Release|Any CPU
		{47BF5C1D-A83A-4717-88B3-BBB2D2A1333B}.Release|Any CPU.Build.0 = Release|Any CPU
		{A2E5720F-5E2C-1E4D-2913-7F5D9C7BE684}.Debug|Any CPU.ActiveCfg = Debug|Any CPU
		{A2E5720F-5E2C-1E4D-2913-7F5D9C7BE684}.Debug|Any CPU.Build.0 = Debug|Any CPU
		{A2E5720F-5E2C-1E4D-2913-7F5D9C7BE684}.Release|Any CPU.ActiveCfg = Release|Any CPU
		{A2E5720F-5E2C-1E4D-2913-7F5D9C7BE684}.Release|Any CPU.Build.0 = Release|Any CPU
		{725F7E7C-CDB5-7338-955C-FB85BF8D2927}.Debug|Any CPU.ActiveCfg = Debug|Any CPU
		{725F7E7C-CDB5-7338-955C-FB85BF8D2927}.Debug|Any CPU.Build.0 = Debug|Any CPU
		{725F7E7C-CDB5-7338-955C-FB85BF8D2927}.Release|Any CPU.ActiveCfg = Release|Any CPU
		{725F7E7C-CDB5-7338-955C-FB85BF8D2927}.Release|Any CPU.Build.0 = Release|Any CPU
		{DAF8E894-0665-E909-5829-D7153E0E25C2}.Debug|Any CPU.ActiveCfg = Debug|Any CPU
		{DAF8E894-0665-E909-5829-D7153E0E25C2}.Debug|Any CPU.Build.0 = Debug|Any CPU
		{DAF8E894-0665-E909-5829-D7153E0E25C2}.Release|Any CPU.ActiveCfg = Release|Any CPU
		{DAF8E894-0665-E909-5829-D7153E0E25C2}.Release|Any CPU.Build.0 = Release|Any CPU
		{87E67D3C-775D-4089-B59C-3C30CF5655D8}.Debug|Any CPU.ActiveCfg = Debug|Any CPU
		{87E67D3C-775D-4089-B59C-3C30CF5655D8}.Debug|Any CPU.Build.0 = Debug|Any CPU
		{87E67D3C-775D-4089-B59C-3C30CF5655D8}.Release|Any CPU.ActiveCfg = Release|Any CPU
		{87E67D3C-775D-4089-B59C-3C30CF5655D8}.Release|Any CPU.Build.0 = Release|Any CPU
	EndGlobalSection
	GlobalSection(SolutionProperties) = preSolution
		HideSolutionNode = FALSE
	EndGlobalSection
	GlobalSection(ExtensibilityGlobals) = postSolution
		SolutionGuid = {EA2D8605-5CF7-4F5C-AECE-6AB32EB89D12}
	EndGlobalSection
EndGlobal
